<Solution>
  <Folder Name="/web_server/">
    <Project Path="web_server/RestaurantPOS.Server/RestaurantPOS.Server.csproj" />
    <Project Path="web_server/RestaurantPOS.Shared/RestaurantPOS.Shared.csproj" />
  </Folder>
  <Folder Name="/client_pc/">
    <Project Path="client_pc/RestaurantPOS.Wpf/RestaurantPOS.Wpf.csproj" />
    <Project Path="client_pc/RestaurantPOS.Shared/RestaurantPOS.Shared.csproj" />
  </Folder>
  <Folder Name="/tests/">
    <Project Path="tests/RestaurantPOS.Tests/RestaurantPOS.Tests.csproj" />
  </Folder>
  <Folder Name="/tools/">
    <Project Path="tools/RestaurantPOS.KeyGen/RestaurantPOS.KeyGen.csproj" />
  </Folder>
</Solution>
